
Microsoft Visual Studio Solution File, Format Version 12.00
# Visual Studio Version 17
VisualStudioVersion = 17.14.37216.2
MinimumVisualStudioVersion = 10.0.40219.1
Project("{FAE04EC0-301F-11D3-BF4B-00C04F79EFBC}") = "SSMS", "SSMS.csproj", "{94ADB9CA-AB3E-AFA4-8079-0C5D1D6D0ADB}"
EndProject
Global
	GlobalSection(SolutionConfigurationPlatforms) = preSolution
		Debug|Any CPU = Debug|Any CPU
		Release|Any CPU = Release|Any CPU
	EndGlobalSection
	GlobalSection(ProjectConfigurationPlatforms) = postSolution
		{94ADB9CA-AB3E-AFA4-8079-0C5D1D6D0ADB}.Debug|Any CPU.ActiveCfg = Debug|Any CPU
		{94ADB9CA-AB3E-AFA4-8079-0C5D1D6D0ADB}.Debug|Any CPU.Build.0 = Debug|Any CPU
		{94ADB9CA-AB3E-AFA4-8079-0C5D1D6D0ADB}.Release|Any CPU.ActiveCfg = Release|Any CPU
		{94ADB9CA-AB3E-AFA4-8079-0C5D1D6D0ADB}.Release|Any CPU.Build.0 = Release|Any CPU
	EndGlobalSection
	GlobalSection(SolutionProperties) = preSolution
		HideSolutionNode = FALSE
	EndGlobalSection
	GlobalSection(ExtensibilityGlobals) = postSolution
		SolutionGuid = {F01C1668-324F-4323-ACB2-3FE8A1231D13}
	EndGlobalSection
EndGlobal
